{
  "name": "cs-translate",
  "version": "1.0.0",
  "lockfileVersion": 3,
  "requires": true,
  "packages": {
    "": {
      "name": "cs-translate",
      "version": "1.0.0",
      "dependencies": {
        "chalk": "^5.3.0",
        "google-translate-api-x": "^10.7.0"
      },
      "bin": {
        "cs-translate": "bin/cs.translate.js"
      }
    },
    "node_modules/chalk": {
      "version": "5.6.2",
      "resolved": "https://registry.npmjs.org/chalk/-/chalk-5.6.2.tgz",
      "integrity": "sha512-7NzBL0rN6fMUW+f7A6Io4h40qQlG+xGmtMxfbnH/K7TAtt8JQWVQK+6g0UXKMeVJoyV5EkkNsErQ8pVD3bLHbA==",
      "license": "MIT",
      "engines": {
        "node": "^12.17.0 || ^14.13 || >=16.0.0"
      },
      "funding": {
        "url": "https://github.com/chalk/chalk?sponsor=1"
      }
    },
    "node_modules/google-translate-api-x": {
      "version": "10.7.2",
      "resolved": "https://registry.npmjs.org/google-translate-api-x/-/google-translate-api-x-10.7.2.tgz",
      "integrity": "sha512-GSmbvGMcnULaih2NFgD4Y6840DLAMot90mLWgwoB+FG/QpetyZkFrZkxop8ZxXgOAQXGskFOhGJady8nA6ZJ2g==",
      "license": "MIT",
      "engines": {
        "node": ">=14.0.0"
      },
      "funding": {
        "type": "github",
        "url": "https://github.com/sponsors/AidanWelch"
      }
    }
  }
}
